
Microsoft Visual Studio Solution File, Format Version 12.00
# Visual Studio Version 16
VisualStudioVersion = 16.0.30717.126
MinimumVisualStudioVersion = 10.0.40219.1
Project("{FAE04EC0-301F-11D3-BF4B-00C04F79EFBC}") = "BlogAPI", "BlogAPI\BlogAPI.csproj", "{4DB4AFF5-0C9E-45CF-9089-D6D50A9983D6}"
EndProject
Global
	GlobalSection(SolutionConfigurationPlatforms) = preSolution
		Debug|Any CPU = Debug|Any CPU
		Release|Any CPU = Release|Any CPU
	EndGlobalSection
	GlobalSection(ProjectConfigurationPlatforms) = postSolution
		{4DB4AFF5-0C9E-45CF-9089-D6D50A9983D6}.Debug|Any CPU.ActiveCfg = Debug|Any CPU
		{4DB4AFF5-0C9E-45CF-9089-D6D50A9983D6}.Debug|Any CPU.Build.0 = Debug|Any CPU
		{4DB4AFF5-0C9E-45CF-9089-D6D50A9983D6}.Release|Any CPU.ActiveCfg = Release|Any CPU
		{4DB4AFF5-0C9E-45CF-9089-D6D50A9983D6}.Release|Any CPU.Build.0 = Release|Any CPU
	EndGlobalSection
	GlobalSection(SolutionProperties) = preSolution
		HideSolutionNode = FALSE
	EndGlobalSection
	GlobalSection(ExtensibilityGlobals) = postSolution
		SolutionGuid = {C64C09C7-BA04-4C29-88B9-A693AFFF950B}
	EndGlobalSection
EndGlobal
